
Microsoft Visual Studio Solution File, Format Version 12.00
# Visual Studio Version 17
VisualStudioVersion = 17.9.34728.123
MinimumVisualStudioVersion = 10.0.40219.1
Project("{9A19103F-16F7-4668-BE54-9A1E7A4F7556}") = "Connect 4", "Connect 4.csproj", "{B75092C8-59DB-4963-ABEB-39698FD0ACF8}"
EndProject
Global
	GlobalSection(SolutionConfigurationPlatforms) = preSolution
		Debug|Any CPU = Debug|Any CPU
		Release|Any CPU = Release|Any CPU
	EndGlobalSection
	GlobalSection(ProjectConfigurationPlatforms) = postSolution
		{B75092C8-59DB-4963-ABEB-39698FD0ACF8}.Debug|Any CPU.ActiveCfg = Debug|Any CPU
		{B75092C8-59DB-4963-ABEB-39698FD0ACF8}.Debug|Any CPU.Build.0 = Debug|Any CPU
		{B75092C8-59DB-4963-ABEB-39698FD0ACF8}.Release|Any CPU.ActiveCfg = Release|Any CPU
		{B75092C8-59DB-4963-ABEB-39698FD0ACF8}.Release|Any CPU.Build.0 = Release|Any CPU
	EndGlobalSection
	GlobalSection(SolutionProperties) = preSolution
		HideSolutionNode = FALSE
	EndGlobalSection
	GlobalSection(ExtensibilityGlobals) = postSolution
		SolutionGuid = {D64CFBCC-AAE3-4E2F-B69B-3C96FF9BB77B}
	EndGlobalSection
EndGlobal
